
Microsoft Visual Studio Solution File, Format Version 12.00
# Visual Studio Version 17
VisualStudioVersion = 17.13.35931.197 d17.13
MinimumVisualStudioVersion = 10.0.40219.1
Project("{FAE04EC0-301F-11D3-BF4B-00C04F79EFBC}") = "CinemaAppAspNetCoreMVC", "CinemaAppAspNetCoreMVC\CinemaAppAspNetCoreMVC.csproj", "{74190D34-581A-498F-AE58-13889968D05B}"
EndProject
Project("{FAE04EC0-301F-11D3-BF4B-00C04F79EFBC}") = "CinemaAppAspNetCoreMVC.Domain", "CinemaAppAspNetCoreMVC.Domain\CinemaAppAspNetCoreMVC.Domain.csproj", "{26972F49-83CC-41A9-98DB-5E5D69CAED0C}"
EndProject
Project("{FAE04EC0-301F-11D3-BF4B-00C04F79EFBC}") = "CinemaAppAspNetCoreMVC.Data", "CinemaAppAspNetCoreMVC.Data\CinemaAppAspNetCoreMVC.Data.csproj", "{D7428B32-4B3E-4811-AF25-D011B5C88F87}"
EndProject
Project("{FAE04EC0-301F-11D3-BF4B-00C04F79EFBC}") = "CinemaAppAspNetCoreMVC.Service", "CinemaAppAspNetCoreMVC.Service\CinemaAppAspNetCoreMVC.Service.csproj", "{B1672C3D-0B57-4F77-AC8E-FA49B3DB52DC}"
EndProject
Global
	GlobalSection(SolutionConfigurationPlatforms) = preSolution
		Debug|Any CPU = Debug|Any CPU
		Release|Any CPU = Release|Any CPU
	EndGlobalSection
	GlobalSection(ProjectConfigurationPlatforms) = postSolution
		{74190D34-581A-498F-AE58-13889968D05B}.Debug|Any CPU.ActiveCfg = Debug|Any CPU
		{74190D34-581A-498F-AE58-13889968D05B}.Debug|Any CPU.Build.0 = Debug|Any CPU
		{74190D34-581A-498F-AE58-13889968D05B}.Release|Any CPU.ActiveCfg = Release|Any CPU
		{74190D34-581A-498F-AE58-13889968D05B}.Release|Any CPU.Build.0 = Release|Any CPU
		{26972F49-83CC-41A9-98DB-5E5D69CAED0C}.Debug|Any CPU.ActiveCfg = Debug|Any CPU
		{26972F49-83CC-41A9-98DB-5E5D69CAED0C}.Debug|Any CPU.Build.0 = Debug|Any CPU
		{26972F49-83CC-41A9-98DB-5E5D69CAED0C}.Release|Any CPU.ActiveCfg = Release|Any CPU
		{26972F49-83CC-41A9-98DB-5E5D69CAED0C}.Release|Any CPU.Build.0 = Release|Any CPU
		{D7428B32-4B3E-4811-AF25-D011B5C88F87}.Debug|Any CPU.ActiveCfg = Debug|Any CPU
		{D7428B32-4B3E-4811-AF25-D011B5C88F87}.Debug|Any CPU.Build.0 = Debug|Any CPU
		{D7428B32-4B3E-4811-AF25-D011B5C88F87}.Release|Any CPU.ActiveCfg = Release|Any CPU
		{D7428B32-4B3E-4811-AF25-D011B5C88F87}.Release|Any CPU.Build.0 = Release|Any CPU
		{B1672C3D-0B57-4F77-AC8E-FA49B3DB52DC}.Debug|Any CPU.ActiveCfg = Debug|Any CPU
		{B1672C3D-0B57-4F77-AC8E-FA49B3DB52DC}.Debug|Any CPU.Build.0 = Debug|Any CPU
		{B1672C3D-0B57-4F77-AC8E-FA49B3DB52DC}.Release|Any CPU.ActiveCfg = Release|Any CPU
		{B1672C3D-0B57-4F77-AC8E-FA49B3DB52DC}.Release|Any CPU.Build.0 = Release|Any CPU
	EndGlobalSection
	GlobalSection(SolutionProperties) = preSolution
		HideSolutionNode = FALSE
	EndGlobalSection
	GlobalSection(ExtensibilityGlobals) = postSolution
		SolutionGuid = {BDF7D574-B236-4CC3-A86D-05B3CF875EBA}
	EndGlobalSection
EndGlobal
